{
    "version": "0.5",
    "requires": [
        "apple-compat/1.0@charon/stable#6bb7d57229029e952d6c147ed67a68e2%1789584746.286798"
    ],
    "build_requires": [
        "openssl/4.0.2#b700c658ab174d6ef1bbd719ca441236%1787920035.586",
        "libplist/2.7.0@charon/stable#f48e959040f0874fb55265b9121fe238%1789584747.282895",
        "ldid/2.1.5-procursus7+23.gaf86971@charon/stable#55aedc292b316e3276c6a6f1280fe9c8%1789584747.260524",
        "ld64/956.6@charon/stable#12f94a06eae9d5bb1ef23b1c2ca8dd2a%1789584746.4262872",
        "iphoneos-sdk/16.4@charon/stable#9d6b688286fe2f791e3f15c93fbf3888%1789584746.399945",
        "dyld-imports-check/1.0@charon/stable#4eae3cc9ab9820c4217313281e6f1435%1789584747.23867"
    ],
    "python_requires": [
        "charon-base/1.0@charon/stable#939e5bc5e0a3583e28d2d0379faeb81f%1789584746.471",
        "charon-apple/1.0@charon/stable#c12f719327ba4c563bd795fbcd2e07cf%1789584746.504746"
    ],
    "config_requires": []
}
